{
    "_meta": {
        "hash": {
            "sha256": "0aacf4545cc237bf5054289b849632f8b44613b7157fcdd48ea73912e92a7940"
        },
        "pipfile-spec": 6,
        "requires": {
            "python_version": "3.8"
        },
        "sources": [
            {
                "name": "pypi",
                "url": "https://pypi.org/simple",
                "verify_ssl": true
            }
        ]
    },
    "default": {
        "attrs": {
            "hashes": [
                "sha256:31b2eced602aa8423c2aea9c76a724617ed67cf9513173fd3a4f03e3a929c7e6",
                "sha256:832aa3cde19744e49938b91fea06d69ecb9e649c93ba974535d08ad92164f700"
            ],
            "version": "==20.3.0"
        },
        "avro-python3": {
            "hashes": [
                "sha256:a455c215540b1fceb1823e2a918e94959b54cb363307c97869aa46b5b55bde05"
            ],
            "version": "==1.10.0"
        },
        "certifi": {
            "hashes": [
                "sha256:1a4995114262bffbc2413b159f2a1a480c969de6e6eb13ee966d470af86af59c",
                "sha256:719a74fb9e33b9bd44cc7f3a8d94bc35e4049deebe19ba7d8e108280cfd59830"
            ],
            "index": "pypi",
            "version": "==2020.12.5"
        },
        "chardet": {
            "hashes": [
                "sha256:0d6f53a15db4120f2b08c94f11e7d93d2c911ee118b6b30a04ec3ee8310179fa",
                "sha256:f864054d66fd9118f2e67044ac8981a54775ec5b67aed0441892edb553d21da5"
            ],
            "version": "==4.0.0"
        },
        "confluent-kafka": {
            "hashes": [
                "sha256:00acc73f7d49961bf427f5e4fd6c0a220a6bfa5ccc91e0ad1f9ffa1751a169b0",
                "sha256:0a59afbb90bdd22b9acdd3bb134f5ee1dff3cc5df55eaf52bf97b2f8d0d00de3",
                "sha256:13b0e2011560f461ff39daf38089dd7f91404b3e66dba0456ccce0700f93c4f2",
                "sha256:175c7064c8f19975616974558c45f42c147a202d4b1c0b0a83afefb920367696",
                "sha256:22d7201d1aa89f1c5546749e781492925ed3eb0d7bd8f781fc57294cd45ddde3",
                "sha256:3034cacc3b0d03eb3ce39cc5a64c1070d223870246f5d90c9113996be9db7df8",
                "sha256:3e2d4f55ca952aeada3831d6615dc13a8a42c8e97175855ca08bbc6e6091b080",
                "sha256:5a1c47320d6afc5b2599f8f8e143aed6845a2d903facde984606e02f10f11221",
                "sha256:7b03bd9cc7b5e4df0a27eed359762c61a35313d4981ef1d9b418069eee454e66",
                "sha256:85ff4823770ce2efaabb46d88e5ae26a840e0051fd481abaa805f21a5a84d003",
                "sha256:9534cd2c0313df75b70eb4cf729382998970d97bbdda5cf3aef7081b855ccebe",
                "sha256:99b13d0957a5967c85aee6138ef5f9acec90294267a549c5683744f20cf5d7b4",
                "sha256:9a1c77291c1ac4b991aa0358f2f44636686eb8f52fb628502d30c312160a14e9",
                "sha256:9ac812006000887f76c95b8a33a9f0b65845bf072fbc54a42a1acffd34e41120",
                "sha256:9c47b8aacfe347bffd86bf75b98626718912b63df87f256dff1abc06a0355410",
                "sha256:a116382ae67e0d6a54684bab4ee9b1be54e789d031a6e5e74c3edc657c79d23c",
                "sha256:b1c89f3653385acc5da71570e03281f35ac6960367f2b2a426ae431deb1a1a35",
                "sha256:bb77276d569f511abe4a5b32a53f8a30285bc7be68219e5711a44720bf356ac2",
                "sha256:bbd9633552840ab9367fb762ea21272759db8caec2c34ff16ee28be177644cdf",
                "sha256:bfdfa81e4e72d2c24e408a5e199aae0a477499ae40647dfa6906d002d9b07f38",
                "sha256:c7461d6db081c23a6d38ceba348e7c178d7e974cf22c45ba8a4918ecb8855a44",
                "sha256:d6a5d4c72360a75e875e88f7cce42b66a786d037ca2002303ab1c580d49caf53",
                "sha256:dabed41cc60d1fc6d3cb44a90fe02e5192c9bf0f73c7b35761981e62ecabc592",
                "sha256:dd544847c713eeeb525031348ff6ffea4ecdd11c13590893e599a9d4676a9bd4",
                "sha256:eba169a9de8c978c9f33c763857c5279eceac46a4fd55a381c2528b9d4b3359e",
                "sha256:f2d1ee0bfdf618017bbfaa42406546155c1a86263e4f286295318578c723803b"
            ],
            "index": "pypi",
            "version": "==1.5.0"
        },
        "fastavro": {
            "hashes": [
                "sha256:1dc758a138eb40c2dc7c42bf1ff61055897face164ef50ce6409eb8ae80e3c0c",
                "sha256:25ca75a0fdc1767ca9f4c48a40608f881fd91ff6a241267020c3dadad58b70dc",
                "sha256:2675a23608fddb5d3195a8630d673feabbe7462e6ae18b825dd6ddbe108e5d57",
                "sha256:27a836094c855645d606e8b8bd03f812e2b2063314e921a5e6e563e2a95408ce",
                "sha256:2b00e9c85871f12e33d9c53e0a765138984b94bfcd7fa3df0ec81bb652aa65cc",
                "sha256:3884dfd099c17dd62fce956f418669e5ad3458ddd4c74ac8d401d9b4867a1bf2",
                "sha256:7439bb6f96cb49c527610552797e738ffc260dba4a8780a42f44608bb8de2a43",
                "sha256:8b223d7f2ac9fd14c1997cacfc65b7f44cb53e93d4bd622446f72bb66c1605b8",
                "sha256:a9330b9e96e305715ed125d5190eefd1ba622ed75c4148344c0a5029fdf9ad7f",
                "sha256:b56ed425ba084285bf8d9aa375f0e469e15f4e8ce260b94ddab61f5f17986255",
                "sha256:bee6b6f95eba0e66e36db07854455698190656d9761663a26dbeb2dd0f3d7f84",
                "sha256:d2701ddb89dd24ba210a94afa2405fe257df34b6109a2dfecd87bde5ab24a7f9",
                "sha256:dae9acf602cce344ec9474c52664f777ee3ce21dc74bd4f1438426dad17079ac",
                "sha256:df51d5c7d6439014cc7aadef96fad528127ce5570b3ca5d1a47b6261f8820ca6",
                "sha256:ee92a7192d67c6d2fbcf981ec65fc4f8cbcc3dafaa16fb98ab21e7aadf7a1618"
            ],
            "version": "==1.2.4"
        },
        "idna": {
            "hashes": [
                "sha256:b307872f855b18632ce0c21c5e45be78c0ea7ae4c15c828c20788b26921eb3f6",
                "sha256:b97d804b1e9b523befed77c48dacec60e6dcb0b5391d57af6a65a312a90648c0"
            ],
            "version": "==2.10"
        },
        "jsonschema": {
            "hashes": [
                "sha256:4e5b3cf8216f577bee9ce139cbe72eca3ea4f292ec60928ff24758ce626cd163",
                "sha256:c8a85b28d377cc7737e46e2d9f2b4f44ee3c0e1deac6bf46ddefc7187d30797a"
            ],
            "version": "==3.2.0"
        },
        "protobuf": {
            "hashes": [
                "sha256:0e247612fadda953047f53301a7b0407cb0c3cb4ae25a6fde661597a04039b3c",
                "sha256:0fc96785262042e4863b3f3b5c429d4636f10d90061e1840fce1baaf59b1a836",
                "sha256:1c51fda1bbc9634246e7be6016d860be01747354ed7015ebe38acf4452f470d2",
                "sha256:1d63eb389347293d8915fb47bee0951c7b5dab522a4a60118b9a18f33e21f8ce",
                "sha256:22bcd2e284b3b1d969c12e84dc9b9a71701ec82d8ce975fdda19712e1cfd4e00",
                "sha256:2a7e2fe101a7ace75e9327b9c946d247749e564a267b0515cf41dfe450b69bac",
                "sha256:43b554b9e73a07ba84ed6cf25db0ff88b1e06be610b37656e292e3cbb5437472",
                "sha256:4b74301b30513b1a7494d3055d95c714b560fbb630d8fb9956b6f27992c9f980",
                "sha256:4e75105c9dfe13719b7293f75bd53033108f4ba03d44e71db0ec2a0e8401eafd",
                "sha256:5b7a637212cc9b2bcf85dd828b1178d19efdf74dbfe1ddf8cd1b8e01fdaaa7f5",
                "sha256:5e9806a43232a1fa0c9cf5da8dc06f6910d53e4390be1fa06f06454d888a9142",
                "sha256:629b03fd3caae7f815b0c66b41273f6b1900a579e2ccb41ef4493a4f5fb84f3a",
                "sha256:72230ed56f026dd664c21d73c5db73ebba50d924d7ba6b7c0d81a121e390406e",
                "sha256:86a75477addde4918e9a1904e5c6af8d7b691f2a3f65587d73b16100fbe4c3b2",
                "sha256:8971c421dbd7aad930c9bd2694122f332350b6ccb5202a8b7b06f3f1a5c41ed5",
                "sha256:9616f0b65a30851e62f1713336c931fcd32c057202b7ff2cfbfca0fc7d5e3043",
                "sha256:b0d5d35faeb07e22a1ddf8dce620860c8fe145426c02d1a0ae2688c6e8ede36d",
                "sha256:ecc33531a213eee22ad60e0e2aaea6c8ba0021f0cce35dbf0ab03dee6e2a23a1"
            ],
            "version": "==3.14.0"
        },
        "pyrsistent": {
            "hashes": [
                "sha256:2e636185d9eb976a18a8a8e96efce62f2905fea90041958d8cc2a189756ebf3e"
            ],
            "version": "==0.17.3"
        },
        "requests": {
            "hashes": [
                "sha256:27973dd4a904a4f13b263a19c866c13b92a39ed1c964655f025f3f8d3d75b804",
                "sha256:c210084e36a42ae6b9219e00e48287def368a26d03a048ddad7bfee44f75871e"
            ],
            "index": "pypi",
            "version": "==2.25.1"
        },
        "six": {
            "hashes": [
                "sha256:30639c035cdb23534cd4aa2dd52c3bf48f06e5f4a941509c8bafd8ce11080259",
                "sha256:8b74bedcbbbaca38ff6d7491d76f2b06b3592611af620f8426e82dddb04a5ced"
            ],
            "version": "==1.15.0"
        },
        "urllib3": {
            "hashes": [
                "sha256:19188f96923873c92ccb987120ec4acaa12f0461fa9ce5d3d0772bc965a39e08",
                "sha256:d8ff90d979214d7b4f8ce956e80f4028fc6860e4431f731ea4a8c08f23f99473"
            ],
            "version": "==1.26.2"
        }
    },
    "develop": {}
}
